version = 1
revision = 3
requires-python = ">=3.11, <3.13"

[[package]]
name = "altgraph"
version = "0.17.4"
source = { registry = "https://pypi.org/simple" }
sdist = { url = "https://files.pythonhosted.org/packages/de/a8/7145824cf0b9e3c28046520480f207df47e927df83aa9555fb47f8505922/altgraph-0.17.4.tar.gz", hash = "sha256:1b5afbb98f6c4dcadb2e2ae6ab9fa994bbb8c1d75f4fa96d340f9437ae454406", size = 48418, upload-time = "2023-09-25T09:04:52.164Z" }
wheels = [
    { url = "https://files.pythonhosted.org/packages/4d/3f/3bc3f1d83f6e4a7fcb834d3720544ca597590425be5ba9db032b2bf322a2/altgraph-0.17.4-py2.py3-none-any.whl", hash = "sha256:642743b4750de17e655e6711601b077bc6598dbfa3ba5fa2b2a35ce12b508dff", size = 21212, upload-time = "2023-09-25T09:04:50.691Z" },
]

[[package]]
name = "colorama"
version = "0.4.6"
source = { registry = "https://pypi.org/simple" }
sdist = { url = "https://files.pythonhosted.org/packages/d8/53/6f443c9a4a8358a93a6792e2acffb9d9d5cb0a5cfd8802644b7b1c9a02e4/colorama-0.4.6.tar.gz", hash = "sha256:08695f5cb7ed6e0531a20572697297273c47b8cae5a63ffc6d6ed5c201be6e44", size = 27697, upload-time = "2022-10-25T02:36:22.414Z" }
wheels = [
    { url = "https://files.pythonhosted.org/packages/d1/d6/3965ed04c63042e047cb6a3e6ed1a63a35087b6a609aa3a15ed8ac56c221/colorama-0.4.6-py2.py3-none-any.whl", hash = "sha256:4f1d9991f5acc0ca119f9d443620b77f9d6b33703e51011c16baf57afb285fc6", size = 25335, upload-time = "2022-10-25T02:36:20.889Z" },
]

[[package]]
name = "importlib-resources"
version = "6.4.0"
source = { registry = "https://pypi.org/simple" }
sdist = { url = "https://files.pythonhosted.org/packages/c8/9d/6ee73859d6be81c6ea7ebac89655e92740296419bd37e5c8abdb5b62fd55/importlib_resources-6.4.0.tar.gz", hash = "sha256:cdb2b453b8046ca4e3798eb1d84f3cce1446a0e8e7b5ef4efb600f19fc398145", size = 42040, upload-time = "2024-03-21T13:42:34.888Z" }
wheels = [
    { url = "https://files.pythonhosted.org/packages/75/06/4df55e1b7b112d183f65db9503bff189e97179b256e1ea450a3c365241e0/importlib_resources-6.4.0-py3-none-any.whl", hash = "sha256:50d10f043df931902d4194ea07ec57960f66a80449ff867bfe782b4c486ba78c", size = 38168, upload-time = "2024-03-21T13:42:33.243Z" },
]

[[package]]
name = "iniconfig"
version = "2.0.0"
source = { registry = "https://pypi.org/simple" }
sdist = { url = "https://files.pythonhosted.org/packages/d7/4b/cbd8e699e64a6f16ca3a8220661b5f83792b3017d0f79807cb8708d33913/iniconfig-2.0.0.tar.gz", hash = "sha256:2d91e135bf72d31a410b17c16da610a82cb55f6b0477d1a902134b24a455b8b3", size = 4646, upload-time = "2023-01-07T11:08:11.254Z" }
wheels = [
    { url = "https://files.pythonhosted.org/packages/ef/a6/62565a6e1cf69e10f5727360368e451d4b7f58beeac6173dc9db836a5b46/iniconfig-2.0.0-py3-none-any.whl", hash = "sha256:b6a85871a79d2e3b22d2d1b94ac2824226a63c6b741c88f7ae975f18b6778374", size = 5892, upload-time = "2023-01-07T11:08:09.864Z" },
]

[[package]]
name = "macholib"
version = "1.16.3"
source = { registry = "https://pypi.org/simple" }
dependencies = [
    { name = "altgraph" },
]
sdist = { url = "https://files.pythonhosted.org/packages/95/ee/af1a3842bdd5902ce133bd246eb7ffd4375c38642aeb5dc0ae3a0329dfa2/macholib-1.16.3.tar.gz", hash = "sha256:07ae9e15e8e4cd9a788013d81f5908b3609aa76f9b1421bae9c4d7606ec86a30", size = 59309, upload-time = "2023-09-25T09:10:16.155Z" }
wheels = [
    { url = "https://files.pythonhosted.org/packages/d1/5d/c059c180c84f7962db0aeae7c3b9303ed1d73d76f2bfbc32bc231c8be314/macholib-1.16.3-py2.py3-none-any.whl", hash = "sha256:0e315d7583d38b8c77e815b1ecbdbf504a8258d8b3e17b61165c6feb60d18f2c", size = 38094, upload-time = "2023-09-25T09:10:14.188Z" },
]

[[package]]
name = "packaging"
version = "24.1"
source = { registry = "https://pypi.org/simple" }
sdist = { url = "https://files.pythonhosted.org/packages/51/65/50db4dda066951078f0a96cf12f4b9ada6e4b811516bf0262c0f4f7064d4/packaging-24.1.tar.gz", hash = "sha256:026ed72c8ed3fcce5bf8950572258698927fd1dbda10a5e981cdf0ac37f4f002", size = 148788, upload-time = "2024-06-09T23:19:24.956Z" }
wheels = [
    { url = "https://files.pythonhosted.org/packages/08/aa/cc0199a5f0ad350994d660967a8efb233fe0416e4639146c089643407ce6/packaging-24.1-py3-none-any.whl", hash = "sha256:5b8f2217dbdbd2f7f384c41c628544e6d52f2d0f53c6d0c3ea61aa5d1d7ff124", size = 53985, upload-time = "2024-06-09T23:19:21.909Z" },
]

[[package]]
name = "pefile"
version = "2023.2.7"
source = { registry = "https://pypi.org/simple" }
sdist = { url = "https://files.pythonhosted.org/packages/78/c5/3b3c62223f72e2360737fd2a57c30e5b2adecd85e70276879609a7403334/pefile-2023.2.7.tar.gz", hash = "sha256:82e6114004b3d6911c77c3953e3838654b04511b8b66e8583db70c65998017dc", size = 74854, upload-time = "2023-02-07T12:23:55.958Z" }
wheels = [
    { url = "https://files.pythonhosted.org/packages/55/26/d0ad8b448476d0a1e8d3ea5622dc77b916db84c6aa3cb1e1c0965af948fc/pefile-2023.2.7-py3-none-any.whl", hash = "sha256:da185cd2af68c08a6cd4481f7325ed600a88f6a813bad9dea07ab3ef73d8d8d6", size = 71791, upload-time = "2023-02-07T12:28:36.678Z" },
]

[[package]]
name = "pluggy"
version = "1.5.0"
source = { registry = "https://pypi.org/simple" }
sdist = { url = "https://files.pythonhosted.org/packages/96/2d/02d4312c973c6050a18b314a5ad0b3210edb65a906f868e31c111dede4a6/pluggy-1.5.0.tar.gz", hash = "sha256:2cffa88e94fdc978c4c574f15f9e59b7f4201d439195c3715ca9e2486f1d0cf1", size = 67955, upload-time = "2024-04-20T21:34:42.531Z" }
wheels = [
    { url = "https://files.pythonhosted.org/packages/88/5f/e351af9a41f866ac3f1fac4ca0613908d9a41741cfcf2228f4ad853b697d/pluggy-1.5.0-py3-none-any.whl", hash = "sha256:44e1ad92c8ca002de6377e165f3e0f1be63266ab4d554740532335b9d75ea669", size = 20556, upload-time = "2024-04-20T21:34:40.434Z" },
]

[[package]]
name = "pyinstaller"
version = "6.9.0"
source = { registry = "https://pypi.org/simple" }
dependencies = [
    { name = "altgraph" },
    { name = "macholib", marker = "sys_platform == 'darwin'" },
    { name = "packaging" },
    { name = "pefile", marker = "sys_platform == 'win32'" },
    { name = "pyinstaller-hooks-contrib" },
    { name = "pywin32-ctypes", marker = "sys_platform == 'win32'" },
    { name = "setuptools" },
]
sdist = { url = "https://files.pythonhosted.org/packages/66/29/4bb2eb120b859b5691db5487777a9f1ed63a4b62d6df68284268074f7b73/pyinstaller-6.9.0.tar.gz", hash = "sha256:f4a75c552facc2e2a370f1e422b971b5e5cdb4058ff38cea0235aa21fc0b378f", size = 4178225, upload-time = "2024-07-06T12:06:39.043Z" }
wheels = [
    { url = "https://files.pythonhosted.org/packages/ac/42/91dc2ad2da972032ff10a54d2f9701ecd3ee8b398990849f1a75d030d4f7/pyinstaller-6.9.0-py3-none-macosx_10_13_universal2.whl", hash = "sha256:5ced2e83acf222b936ea94abc5a5cc96588705654b39138af8fb321d9cf2b954", size = 959801, upload-time = "2024-07-06T12:05:29.73Z" },
    { url = "https://files.pythonhosted.org/packages/e0/fa/8126cd3ce7fad90f4391b36a3f84370c0d13e6ffb295b74694cebc1c5f27/pyinstaller-6.9.0-py3-none-manylinux2014_aarch64.whl", hash = "sha256:f18a3d551834ef8fb7830d48d4cc1527004d0e6b51ded7181e78374ad6111846", size = 686119, upload-time = "2024-07-06T12:05:35.028Z" },
    { url = "https://files.pythonhosted.org/packages/e1/1a/d238dffa9ad2505f567547fd131bdb8668c7103aa554c666cdf43ced0295/pyinstaller-6.9.0-py3-none-manylinux2014_i686.whl", hash = "sha256:f2fc568de3d6d2a176716a3fc9f20da06d351e8bea5ddd10ecb5659fce3a05b0", size = 688417, upload-time = "2024-07-06T12:05:39.589Z" },
    { url = "https://files.pythonhosted.org/packages/c1/bb/7a6ef52fd65dd26e2708409ab20f02c5979064383583f811c40c5995675a/pyinstaller-6.9.0-py3-none-manylinux2014_ppc64le.whl", hash = "sha256:a0f378f64ad0655d11ade9fde7877e7573fd3d5066231608ce7dfa9040faecdd", size = 692710, upload-time = "2024-07-06T12:05:43.663Z" },
    { url = "https://files.pythonhosted.org/packages/ce/80/56b32fe83af2c4882093bba381601f1c5cbd12203da259bb93ede03dae42/pyinstaller-6.9.0-py3-none-manylinux2014_s390x.whl", hash = "sha256:7bf0c13c5a8560c89540746ae742f4f4b82290e95a6b478374d9f34959fe25d6", size = 683741, upload-time = "2024-07-06T12:05:48.084Z" },
    { url = "https://files.pythonhosted.org/packages/d8/6f/70aed930ec50eda9f6f7c68aaadd6f9e652a22271a1dde24cf53b0bb0978/pyinstaller-6.9.0-py3-none-manylinux2014_x86_64.whl", hash = "sha256:da994aba14c5686db88796684de265a8665733b4df09b939f7ebdf097d18df72", size = 684960, upload-time = "2024-07-06T12:05:52.437Z" },
    { url = "https://files.pythonhosted.org/packages/bf/89/9eb7121d7f1b6a8a8b3fc8a3b9d7901ee276065bea5282dda5dfe6bc293a/pyinstaller-6.9.0-py3-none-musllinux_1_1_aarch64.whl", hash = "sha256:4e3e50743c091a06e6d01c59bdd6d03967b453ee5384a9e790759be4129db4a4", size = 688440, upload-time = "2024-07-06T12:05:58.993Z" },
    { url = "https://files.pythonhosted.org/packages/09/8b/fdcef6526d1a90654f98f6f4091b32322bfd125c886bafca98fba7dd608d/pyinstaller-6.9.0-py3-none-musllinux_1_1_x86_64.whl", hash = "sha256:b041be2fe78da47a269604d62c940d68c62f9a3913bdf64af4123f7689d47099", size = 685654, upload-time = "2024-07-06T12:06:03.7Z" },
    { url = "https://files.pythonhosted.org/packages/de/31/c611f3921b62270e2cec9130f5c963eeda3d948316819248a682b89c416d/pyinstaller-6.9.0-py3-none-win32.whl", hash = "sha256:2bf4de17a1c63c0b797b38e13bfb4d03b5ee7c0a68e28b915a7eaacf6b76087f", size = 1244820, upload-time = "2024-07-06T12:06:09.899Z" },
    { url = "https://files.pythonhosted.org/packages/0e/9c/cadf2950d3d23eec3a378ae6eaa564c2a781218657f18f42caeff3732b75/pyinstaller-6.9.0-py3-none-win_amd64.whl", hash = "sha256:43709c70b1da8441a730327a8ed362bfcfdc3d42c1bf89f3e2b0a163cc4e7d33", size = 1304050, upload-time = "2024-07-06T12:06:16.158Z" },
    { url = "https://files.pythonhosted.org/packages/ca/6f/677eeaa64c979d3832ed4bc6ee27821d9f74e02cd31cc164af7b9a0e1714/pyinstaller-6.9.0-py3-none-win_arm64.whl", hash = "sha256:f15c1ef11ed5ceb32447dfbdab687017d6adbef7fc32aa359d584369bfe56eda", size = 1233800, upload-time = "2024-07-06T12:06:22.277Z" },
]

[[package]]
name = "pyinstaller-hooks-contrib"
version = "2024.7"
source = { registry = "https://pypi.org/simple" }
dependencies = [
    { name = "packaging" },
    { name = "setuptools" },
]
sdist = { url = "https://files.pythonhosted.org/packages/b1/04/fd321018585c0751e8a4f857470e95d188aa80bc48002303cf26e5711d7d/pyinstaller_hooks_contrib-2024.7.tar.gz", hash = "sha256:fd5f37dcf99bece184e40642af88be16a9b89613ecb958a8bd1136634fc9fac5", size = 131288, upload-time = "2024-06-08T12:13:25.456Z" }
wheels = [
    { url = "https://files.pythonhosted.org/packages/43/e4/a6db28bfe652c1e3f11c72fdb6d5b4e3316705b19492444f097747953a3e/pyinstaller_hooks_contrib-2024.7-py2.py3-none-any.whl", hash = "sha256:8bf0775771fbaf96bcd2f4dfd6f7ae6c1dd1b1efe254c7e50477b3c08e7841d8", size = 341264, upload-time = "2024-06-08T12:13:23.253Z" },
]

[[package]]
name = "pytest"
version = "7.4.4"
source = { registry = "https://pypi.org/simple" }
dependencies = [
    { name = "colorama", marker = "sys_platform == 'win32'" },
    { name = "iniconfig" },
    { name = "packaging" },
    { name = "pluggy" },
]
sdist = { url = "https://files.pythonhosted.org/packages/80/1f/9d8e98e4133ffb16c90f3b405c43e38d3abb715bb5d7a63a5a684f7e46a3/pytest-7.4.4.tar.gz", hash = "sha256:2cf0005922c6ace4a3e2ec8b4080eb0d9753fdc93107415332f50ce9e7994280", size = 1357116, upload-time = "2023-12-31T12:00:18.035Z" }
wheels = [
    { url = "https://files.pythonhosted.org/packages/51/ff/f6e8b8f39e08547faece4bd80f89d5a8de68a38b2d179cc1c4490ffa3286/pytest-7.4.4-py3-none-any.whl", hash = "sha256:b090cdf5ed60bf4c45261be03239c2c1c22df034fbffe691abe93cd80cea01d8", size = 325287, upload-time = "2023-12-31T12:00:13.963Z" },
]

[[package]]
name = "pywin32-ctypes"
version = "0.2.2"
source = { registry = "https://pypi.org/simple" }
sdist = { url = "https://files.pythonhosted.org/packages/10/3d/0cfbca45201351fe8c09cca743403e6c2407892e256e25d126ad64dc6bb7/pywin32-ctypes-0.2.2.tar.gz", hash = "sha256:3426e063bdd5fd4df74a14fa3cf80a0b42845a87e1d1e81f6549f9daec593a60", size = 26950, upload-time = "2023-06-27T11:13:01.641Z" }
wheels = [
    { url = "https://files.pythonhosted.org/packages/a4/bc/78b2c00cc64c31dbb3be42a0e8600bcebc123ad338c3b714754d668c7c2d/pywin32_ctypes-0.2.2-py3-none-any.whl", hash = "sha256:bf490a1a709baf35d688fe0ecf980ed4de11d2b3e37b51e5442587a75d9957e7", size = 30152, upload-time = "2023-06-27T11:13:00.189Z" },
]

[[package]]
name = "setuptools"
version = "80.8.0"
source = { registry = "https://pypi.org/simple" }
sdist = { url = "https://files.pythonhosted.org/packages/8d/d2/ec1acaaff45caed5c2dedb33b67055ba9d4e96b091094df90762e60135fe/setuptools-80.8.0.tar.gz", hash = "sha256:49f7af965996f26d43c8ae34539c8d99c5042fbff34302ea151eaa9c207cd257", size = 1319720, upload-time = "2025-05-20T14:02:53.503Z" }
wheels = [
    { url = "https://files.pythonhosted.org/packages/58/29/93c53c098d301132196c3238c312825324740851d77a8500a2462c0fd888/setuptools-80.8.0-py3-none-any.whl", hash = "sha256:95a60484590d24103af13b686121328cc2736bee85de8936383111e421b9edc0", size = 1201470, upload-time = "2025-05-20T14:02:51.348Z" },
]

[[package]]
name = "update-readme-version"
version = "0.1.0"
source = { editable = "." }
dependencies = [
    { name = "pyinstaller" },
    { name = "yachalk" },
]

[package.dev-dependencies]
dev = [
    { name = "pytest" },
]

[package.metadata]
requires-dist = [
    { name = "pyinstaller", specifier = ">=6.3.0,<7" },
    { name = "yachalk", specifier = ">=0.1.5,<0.2" },
]

[package.metadata.requires-dev]
dev = [{ name = "pytest", specifier = ">=7.4.4,<8" }]

[[package]]
name = "yachalk"
version = "0.1.6"
source = { registry = "https://pypi.org/simple" }
dependencies = [
    { name = "importlib-resources" },
    { name = "setuptools" },
]
sdist = { url = "https://files.pythonhosted.org/packages/f4/37/cbfa9a25573c925be932a7878102a262800648a1cf2a07e3e86f076f240d/yachalk-0.1.6.tar.gz", hash = "sha256:ee917e41c127a2302526aa169c6032f1505fab5a1045bd7a0c320b0194e8d992", size = 17964, upload-time = "2024-07-10T22:07:40.017Z" }
wheels = [
    { url = "https://files.pythonhosted.org/packages/46/ec/e71b3dcd37ed289e3a9d9986b31e22acf3c1328e42c2d3b61b603c362975/yachalk-0.1.6-py3-none-any.whl", hash = "sha256:de80c1cd28fc3f7719345d3eecff88c9e18100d65bedf3b66b88c227aac95e54", size = 13850, upload-time = "2024-07-10T22:07:38.451Z" },
]
